
Microsoft Visual Studio Solution File, Format Version 12.00
# Visual Studio Version 16
VisualStudioVersion = 16.0.31019.35
MinimumVisualStudioVersion = 10.0.40219.1
Project("{888888A0-9F3D-457C-B088-3A5042F75D52}") = "main.py", "main.py\main.py.pyproj", "{20245F30-399A-46B9-9079-CECF76DF034F}"
EndProject
Global
	GlobalSection(SolutionConfigurationPlatforms) = preSolution
		Debug|Any CPU = Debug|Any CPU
		Release|Any CPU = Release|Any CPU
	EndGlobalSection
	GlobalSection(ProjectConfigurationPlatforms) = postSolution
		{20245F30-399A-46B9-9079-CECF76DF034F}.Debug|Any CPU.ActiveCfg = Debug|Any CPU
		{20245F30-399A-46B9-9079-CECF76DF034F}.Release|Any CPU.ActiveCfg = Release|Any CPU
	EndGlobalSection
	GlobalSection(SolutionProperties) = preSolution
		HideSolutionNode = FALSE
	EndGlobalSection
	GlobalSection(ExtensibilityGlobals) = postSolution
		SolutionGuid = {F11ED101-0006-4CC3-BDED-3B523D75981E}
	EndGlobalSection
EndGlobal
